
Microsoft Visual Studio Solution File, Format Version 12.00
# Visual Studio Version 17
VisualStudioVersion = 17.3.32811.315
MinimumVisualStudioVersion = 10.0.40219.1
Project("{9A19103F-16F7-4668-BE54-9A1E7A4F7556}") = "MvcWebUI", "MvcWebUI\MvcWebUI.csproj", "{53DF5BE3-C241-48F0-8F04-7EDB2FAF58D6}"
EndProject
Project("{9A19103F-16F7-4668-BE54-9A1E7A4F7556}") = "Entity", "Entity\Entity.csproj", "{1A66BB0F-0925-4A02-B6CC-0393EFA896D1}"
EndProject
Project("{9A19103F-16F7-4668-BE54-9A1E7A4F7556}") = "DataAccess", "DataAccess\DataAccess.csproj", "{C380E445-ED4A-4B02-9DD8-425AFA5DB3D9}"
EndProject
Project("{9A19103F-16F7-4668-BE54-9A1E7A4F7556}") = "Business", "Business\Business.csproj", "{2D2C4C37-09AD-42EF-A21C-5A9EBDB39D2D}"
EndProject
Project("{9A19103F-16F7-4668-BE54-9A1E7A4F7556}") = "Core", "Core\Core.csproj", "{1EF30183-A0F2-4657-A6BB-A5EB41257B0C}"
EndProject
Project("{9A19103F-16F7-4668-BE54-9A1E7A4F7556}") = "BlogApiDemo", "BlogApiDemo\BlogApiDemo.csproj", "{5D207FB5-8DEE-4C2C-B737-598481653930}"
EndProject
Project("{FAE04EC0-301F-11D3-BF4B-00C04F79EFBC}") = "JwtCoreProjeAPI", "JwtCoreProjeAPI\JwtCoreProjeAPI.csproj", "{F7DD4CA5-D607-4EF6-AFDC-207BB05E9F5A}"
EndProject
Global
	GlobalSection(SolutionConfigurationPlatforms) = preSolution
		Debug|Any CPU = Debug|Any CPU
		Release|Any CPU = Release|Any CPU
	EndGlobalSection
	GlobalSection(ProjectConfigurationPlatforms) = postSolution
		{53DF5BE3-C241-48F0-8F04-7EDB2FAF58D6}.Debug|Any CPU.ActiveCfg = Debug|Any CPU
		{53DF5BE3-C241-48F0-8F04-7EDB2FAF58D6}.Debug|Any CPU.Build.0 = Debug|Any CPU
		{53DF5BE3-C241-48F0-8F04-7EDB2FAF58D6}.Release|Any CPU.ActiveCfg = Release|Any CPU
		{53DF5BE3-C241-48F0-8F04-7EDB2FAF58D6}.Release|Any CPU.Build.0 = Release|Any CPU
		{1A66BB0F-0925-4A02-B6CC-0393EFA896D1}.Debug|Any CPU.ActiveCfg = Debug|Any CPU
		{1A66BB0F-0925-4A02-B6CC-0393EFA896D1}.Debug|Any CPU.Build.0 = Debug|Any CPU
		{1A66BB0F-0925-4A02-B6CC-0393EFA896D1}.Release|Any CPU.ActiveCfg = Release|Any CPU
		{1A66BB0F-0925-4A02-B6CC-0393EFA896D1}.Release|Any CPU.Build.0 = Release|Any CPU
		{C380E445-ED4A-4B02-9DD8-425AFA5DB3D9}.Debug|Any CPU.ActiveCfg = Debug|Any CPU
		{C380E445-ED4A-4B02-9DD8-425AFA5DB3D9}.Debug|Any CPU.Build.0 = Debug|Any CPU
		{C380E445-ED4A-4B02-9DD8-425AFA5DB3D9}.Release|Any CPU.ActiveCfg = Release|Any CPU
		{C380E445-ED4A-4B02-9DD8-425AFA5DB3D9}.Release|Any CPU.Build.0 = Release|Any CPU
		{2D2C4C37-09AD-42EF-A21C-5A9EBDB39D2D}.Debug|Any CPU.ActiveCfg = Debug|Any CPU
		{2D2C4C37-09AD-42EF-A21C-5A9EBDB39D2D}.Debug|Any CPU.Build.0 = Debug|Any CPU
		{2D2C4C37-09AD-42EF-A21C-5A9EBDB39D2D}.Release|Any CPU.ActiveCfg = Release|Any CPU
		{2D2C4C37-09AD-42EF-A21C-5A9EBDB39D2D}.Release|Any CPU.Build.0 = Release|Any CPU
		{1EF30183-A0F2-4657-A6BB-A5EB41257B0C}.Debug|Any CPU.ActiveCfg = Debug|Any CPU
		{1EF30183-A0F2-4657-A6BB-A5EB41257B0C}.Debug|Any CPU.Build.0 = Debug|Any CPU
		{1EF30183-A0F2-4657-A6BB-A5EB41257B0C}.Release|Any CPU.ActiveCfg = Release|Any CPU
		{1EF30183-A0F2-4657-A6BB-A5EB41257B0C}.Release|Any CPU.Build.0 = Release|Any CPU
		{5D207FB5-8DEE-4C2C-B737-598481653930}.Debug|Any CPU.ActiveCfg = Debug|Any CPU
		{5D207FB5-8DEE-4C2C-B737-598481653930}.Debug|Any CPU.Build.0 = Debug|Any CPU
		{5D207FB5-8DEE-4C2C-B737-598481653930}.Release|Any CPU.ActiveCfg = Release|Any CPU
		{5D207FB5-8DEE-4C2C-B737-598481653930}.Release|Any CPU.Build.0 = Release|Any CPU
		{F7DD4CA5-D607-4EF6-AFDC-207BB05E9F5A}.Debug|Any CPU.ActiveCfg = Debug|Any CPU
		{F7DD4CA5-D607-4EF6-AFDC-207BB05E9F5A}.Debug|Any CPU.Build.0 = Debug|Any CPU
		{F7DD4CA5-D607-4EF6-AFDC-207BB05E9F5A}.Release|Any CPU.ActiveCfg = Release|Any CPU
		{F7DD4CA5-D607-4EF6-AFDC-207BB05E9F5A}.Release|Any CPU.Build.0 = Release|Any CPU
	EndGlobalSection
	GlobalSection(SolutionProperties) = preSolution
		HideSolutionNode = FALSE
	EndGlobalSection
	GlobalSection(ExtensibilityGlobals) = postSolution
		SolutionGuid = {38E36AD7-9781-4312-80CA-35BC906965AB}
	EndGlobalSection
EndGlobal
